
Microsoft Visual Studio Solution File, Format Version 12.00
# Visual Studio Version 17
VisualStudioVersion = 17.8.34511.84
MinimumVisualStudioVersion = 10.0.40219.1
Project("{FAE04EC0-301F-11D3-BF4B-00C04F79EFBC}") = "SpaceInvaders", "SpaceInvaders.csproj", "{B2369FE3-3BB2-4712-842A-E2F88BE9E333}"
EndProject
Global
	GlobalSection(SolutionConfigurationPlatforms) = preSolution
		Debug|Any CPU = Debug|Any CPU
		Release|Any CPU = Release|Any CPU
	EndGlobalSection
	GlobalSection(ProjectConfigurationPlatforms) = postSolution
		{B2369FE3-3BB2-4712-842A-E2F88BE9E333}.Debug|Any CPU.ActiveCfg = Debug|Any CPU
		{B2369FE3-3BB2-4712-842A-E2F88BE9E333}.Debug|Any CPU.Build.0 = Debug|Any CPU
		{B2369FE3-3BB2-4712-842A-E2F88BE9E333}.Release|Any CPU.ActiveCfg = Release|Any CPU
		{B2369FE3-3BB2-4712-842A-E2F88BE9E333}.Release|Any CPU.Build.0 = Release|Any CPU
	EndGlobalSection
	GlobalSection(SolutionProperties) = preSolution
		HideSolutionNode = FALSE
	EndGlobalSection
	GlobalSection(ExtensibilityGlobals) = postSolution
		SolutionGuid = {6912FE89-74C5-4746-AA54-9352AB09D044}
	EndGlobalSection
EndGlobal
